
Microsoft Visual Studio Solution File, Format Version 11.00
# Visual Studio 2010
Project("{6989167D-11E4-40FE-8C1A-2192A86A7E90}") = "example", "example\example.vfproj", "{C8BA673D-B560-4E9B-A25E-F3FD1B099500}"
EndProject
Global
	GlobalSection(SolutionConfigurationPlatforms) = preSolution
		Debug|Win32 = Debug|Win32
		Release|Win32 = Release|Win32
	EndGlobalSection
	GlobalSection(ProjectConfigurationPlatforms) = postSolution
		{C8BA673D-B560-4E9B-A25E-F3FD1B099500}.Debug|Win32.ActiveCfg = Debug|Win32
		{C8BA673D-B560-4E9B-A25E-F3FD1B099500}.Debug|Win32.Build.0 = Debug|Win32
		{C8BA673D-B560-4E9B-A25E-F3FD1B099500}.Release|Win32.ActiveCfg = Release|Win32
		{C8BA673D-B560-4E9B-A25E-F3FD1B099500}.Release|Win32.Build.0 = Release|Win32
	EndGlobalSection
	GlobalSection(SolutionProperties) = preSolution
		HideSolutionNode = FALSE
	EndGlobalSection
EndGlobal
